
Microsoft Visual Studio Solution File, Format Version 12.00
Project("{FAE04EC0-301F-11D3-BF4B-00C04F79EFBC}") = "GamesWebApi", "GamesWebApi\GamesWebApi.csproj", "{93A2E94E-72F1-4B61-8C5B-91C6453423FC}"
EndProject
Global
	GlobalSection(SolutionConfigurationPlatforms) = preSolution
		Debug|Any CPU = Debug|Any CPU
		Release|Any CPU = Release|Any CPU
	EndGlobalSection
	GlobalSection(ProjectConfigurationPlatforms) = postSolution
		{93A2E94E-72F1-4B61-8C5B-91C6453423FC}.Debug|Any CPU.ActiveCfg = Debug|Any CPU
		{93A2E94E-72F1-4B61-8C5B-91C6453423FC}.Debug|Any CPU.Build.0 = Debug|Any CPU
		{93A2E94E-72F1-4B61-8C5B-91C6453423FC}.Release|Any CPU.ActiveCfg = Release|Any CPU
		{93A2E94E-72F1-4B61-8C5B-91C6453423FC}.Release|Any CPU.Build.0 = Release|Any CPU
	EndGlobalSection
EndGlobal
